// !$*UTF8*$!
{
	archiveVersion = 1;
	classes = {
	};
	objectVersion = 46;
	objects = {

/* Begin PBXBuildFile section */
		420A6AFC1EE83188009404BF /* Realm.framework in Frameworks */ = {isa = PBXBuildFile; fileRef = 429417431EE2E56D0014962C /* Realm.framework */; };
		420A6AFD1EE8318C009404BF /* RealmSwift.framework in Frameworks */ = {isa = PBXBuildFile; fileRef = 429417451EE2E5700014962C /* RealmSwift.framework */; };
		4221DF661EE2DD6C00222436 /* Pods_ToDo2.framework in Frameworks */ = {isa = PBXBuildFile; fileRef = 4221DF631EE2DD6C00222436 /* Pods_ToDo2.framework */; };
		422217E11F28B65800C9731C /* Task.swift in Sources */ = {isa = PBXBuildFile; fileRef = 422217E01F28B65800C9731C /* Task.swift */; };
		423D5C201F48794400ECABEC /* WTaskTableViewCell.swift in Sources */ = {isa = PBXBuildFile; fileRef = 423D5C1F1F48794400ECABEC /* WTaskTableViewCell.swift */; };
		423D5C261F48A64E00ECABEC /* WAddToDoViewController.swift in Sources */ = {isa = PBXBuildFile; fileRef = 423D5C251F48A64E00ECABEC /* WAddToDoViewController.swift */; };
		429115C91ED2431900D1B823 /* WeekTasksViewController.swift in Sources */ = {isa = PBXBuildFile; fileRef = 429115C81ED2431900D1B823 /* WeekTasksViewController.swift */; };
		429115CB1ED2436300D1B823 /* TodayTasksViewController.swift in Sources */ = {isa = PBXBuildFile; fileRef = 429115CA1ED2436300D1B823 /* TodayTasksViewController.swift */; };
		429115D51ED6D80800D1B823 /* TodayTaskTableViewCell.swift in Sources */ = {isa = PBXBuildFile; fileRef = 429115D41ED6D80800D1B823 /* TodayTaskTableViewCell.swift */; };
		42ECD85F1ECD971400E1E027 /* AppDelegate.swift in Sources */ = {isa = PBXBuildFile; fileRef = 42ECD85E1ECD971400E1E027 /* AppDelegate.swift */; };
		42ECD8641ECD971400E1E027 /* Main.storyboard in Resources */ = {isa = PBXBuildFile; fileRef = 42ECD8621ECD971400E1E027 /* Main.storyboard */; };
		42ECD8661ECD971400E1E027 /* Assets.xcassets in Resources */ = {isa = PBXBuildFile; fileRef = 42ECD8651ECD971400E1E027 /* Assets.xcassets */; };
		42ECD8691ECD971400E1E027 /* LaunchScreen.storyboard in Resources */ = {isa = PBXBuildFile; fileRef = 42ECD8671ECD971400E1E027 /* LaunchScreen.storyboard */; };
		42ECD87F1ECD971400E1E027 /* ToDo2UITests.swift in Sources */ = {isa = PBXBuildFile; fileRef = 42ECD87E1ECD971400E1E027 /* ToDo2UITests.swift */; };
		42ECD88D1ECD9BCC00E1E027 /* AddToDoViewController.swift in Sources */ = {isa = PBXBuildFile; fileRef = 42ECD88C1ECD9BCC00E1E027 /* AddToDoViewController.swift */; };
		C7FDFA8168716F7F822AC05D /* Pods_ToDo2UITests.framework in Frameworks */ = {isa = PBXBuildFile; fileRef = 3BFE200FB2E97F62179816EC /* Pods_ToDo2UITests.framework */; };
		CB0B4A1BCE84E71839462E74 /* Pods_ToDo2Tests.framework in Frameworks */ = {isa = PBXBuildFile; fileRef = 1D5BB7D756DEC11BB2FCA60C /* Pods_ToDo2Tests.framework */; };
/* End PBXBuildFile section */

/* Begin PBXContainerItemProxy section */
		42ECD8701ECD971400E1E027 /* PBXContainerItemProxy */ = {
			isa = PBXContainerItemProxy;
			containerPortal = 42ECD8531ECD971400E1E027 /* Project object */;
			proxyType = 1;
			remoteGlobalIDString = 42ECD85A1ECD971400E1E027;
			remoteInfo = ToDo2;
		};
		42ECD87B1ECD971400E1E027 /* PBXContainerItemProxy */ = {
			isa = PBXContainerItemProxy;
			containerPortal = 42ECD8531ECD971400E1E027 /* Project object */;
			proxyType = 1;
			remoteGlobalIDString = 42ECD85A1ECD971400E1E027;
			remoteInfo = ToDo2;
		};
/* End PBXContainerItemProxy section */

/* Begin PBXCopyFilesBuildPhase section */
		4221DF5D1EE0C9FA00222436 /* Embed Frameworks */ = {
			isa = PBXCopyFilesBuildPhase;
			buildActionMask = 2147483647;
			dstPath = "";
			dstSubfolderSpec = 10;
			files = (
			);
			name = "Embed Frameworks";
			runOnlyForDeploymentPostprocessing = 0;
		};
/* End PBXCopyFilesBuildPhase section */

/* Begin PBXFileReference section */
		1952364E782A94E95A6866FD /* Pods-ToDo2Tests.debug.xcconfig */ = {isa = PBXFileReference; includeInIndex = 1; lastKnownFileType = text.xcconfig; name = "Pods-ToDo2Tests.debug.xcconfig"; path = "Pods/Target Support Files/Pods-ToDo2Tests/Pods-ToDo2Tests.debug.xcconfig"; sourceTree = "<group>"; };
		1D5BB7D756DEC11BB2FCA60C /* Pods_ToDo2Tests.framework */ = {isa = PBXFileReference; explicitFileType = wrapper.framework; includeInIndex = 0; path = Pods_ToDo2Tests.framework; sourceTree = BUILT_PRODUCTS_DIR; };
		22AA3A779FB2AF19BFD5397D /* Pods-ToDo2.debug.xcconfig */ = {isa = PBXFileReference; includeInIndex = 1; lastKnownFileType = text.xcconfig; name = "Pods-ToDo2.debug.xcconfig"; path = "Pods/Target Support Files/Pods-ToDo2/Pods-ToDo2.debug.xcconfig"; sourceTree = "<group>"; };
		3BFE200FB2E97F62179816EC /* Pods_ToDo2UITests.framework */ = {isa = PBXFileReference; explicitFileType = wrapper.framework; includeInIndex = 0; path = Pods_ToDo2UITests.framework; sourceTree = BUILT_PRODUCTS_DIR; };
		4221DF631EE2DD6C00222436 /* Pods_ToDo2.framework */ = {isa = PBXFileReference; lastKnownFileType = wrapper.framework; name = Pods_ToDo2.framework; path = "../../../Library/Developer/Xcode/DerivedData/ToDo2-dfooajmtauxlvgfvqqxuieywjtlo/Build/Products/Debug-iphonesimulator/Pods_ToDo2.framework"; sourceTree = "<group>"; };
		4221DF641EE2DD6C00222436 /* Pods_ToDo2Tests.framework */ = {isa = PBXFileReference; lastKnownFileType = wrapper.framework; name = Pods_ToDo2Tests.framework; path = "Pods/../build/Debug-iphoneos/Pods_ToDo2Tests.framework"; sourceTree = "<group>"; };
		4221DF651EE2DD6C00222436 /* Pods_ToDo2UITests.framework */ = {isa = PBXFileReference; lastKnownFileType = wrapper.framework; name = Pods_ToDo2UITests.framework; path = "Pods/../build/Debug-iphoneos/Pods_ToDo2UITests.framework"; sourceTree = "<group>"; };
		422217E01F28B65800C9731C /* Task.swift */ = {isa = PBXFileReference; fileEncoding = 4; lastKnownFileType = sourcecode.swift; path = Task.swift; sourceTree = "<group>"; };
		423D5C1F1F48794400ECABEC /* WTaskTableViewCell.swift */ = {isa = PBXFileReference; fileEncoding = 4; lastKnownFileType = sourcecode.swift; path = WTaskTableViewCell.swift; sourceTree = "<group>"; };
		423D5C251F48A64E00ECABEC /* WAddToDoViewController.swift */ = {isa = PBXFileReference; fileEncoding = 4; lastKnownFileType = sourcecode.swift; path = WAddToDoViewController.swift; sourceTree = "<group>"; };
		429115C81ED2431900D1B823 /* WeekTasksViewController.swift */ = {isa = PBXFileReference; fileEncoding = 4; lastKnownFileType = sourcecode.swift; path = WeekTasksViewController.swift; sourceTree = "<group>"; };
		429115CA1ED2436300D1B823 /* TodayTasksViewController.swift */ = {isa = PBXFileReference; fileEncoding = 4; lastKnownFileType = sourcecode.swift; path = TodayTasksViewController.swift; sourceTree = "<group>"; };
		429115D41ED6D80800D1B823 /* TodayTaskTableViewCell.swift */ = {isa = PBXFileReference; fileEncoding = 4; lastKnownFileType = sourcecode.swift; path = TodayTaskTableViewCell.swift; sourceTree = "<group>"; };
		429417431EE2E56D0014962C /* Realm.framework */ = {isa = PBXFileReference; lastKnownFileType = wrapper.framework; name = Realm.framework; path = "../../../Library/Developer/Xcode/DerivedData/ToDo2-dfooajmtauxlvgfvqqxuieywjtlo/Build/Products/Debug-iphonesimulator/Realm/Realm.framework"; sourceTree = "<group>"; };
		429417451EE2E5700014962C /* RealmSwift.framework */ = {isa = PBXFileReference; lastKnownFileType = wrapper.framework; name = RealmSwift.framework; path = "../../../Library/Developer/Xcode/DerivedData/ToDo2-dfooajmtauxlvgfvqqxuieywjtlo/Build/Products/Debug-iphonesimulator/RealmSwift/RealmSwift.framework"; sourceTree = "<group>"; };
		42ECD85B1ECD971400E1E027 /* ToDo2.app */ = {isa = PBXFileReference; explicitFileType = wrapper.application; includeInIndex = 0; path = ToDo2.app; sourceTree = BUILT_PRODUCTS_DIR; };
		42ECD85E1ECD971400E1E027 /* AppDelegate.swift */ = {isa = PBXFileReference; lastKnownFileType = sourcecode.swift; path = AppDelegate.swift; sourceTree = "<group>"; };
		42ECD8631ECD971400E1E027 /* Base */ = {isa = PBXFileReference; lastKnownFileType = file.storyboard; name = Base; path = Base.lproj/Main.storyboard; sourceTree = "<group>"; };
		42ECD8651ECD971400E1E027 /* Assets.xcassets */ = {isa = PBXFileReference; lastKnownFileType = folder.assetcatalog; path = Assets.xcassets; sourceTree = "<group>"; };
		42ECD8681ECD971400E1E027 /* Base */ = {isa = PBXFileReference; lastKnownFileType = file.storyboard; name = Base; path = Base.lproj/LaunchScreen.storyboard; sourceTree = "<group>"; };
		42ECD86A1ECD971400E1E027 /* Info.plist */ = {isa = PBXFileReference; lastKnownFileType = text.plist.xml; path = Info.plist; sourceTree = "<group>"; };
		42ECD86F1ECD971400E1E027 /* ToDo2Tests.xctest */ = {isa = PBXFileReference; explicitFileType = wrapper.cfbundle; includeInIndex = 0; path = ToDo2Tests.xctest; sourceTree = BUILT_PRODUCTS_DIR; };
		42ECD87A1ECD971400E1E027 /* ToDo2UITests.xctest */ = {isa = PBXFileReference; explicitFileType = wrapper.cfbundle; includeInIndex = 0; path = ToDo2UITests.xctest; sourceTree = BUILT_PRODUCTS_DIR; };
		42ECD87E1ECD971400E1E027 /* ToDo2UITests.swift */ = {isa = PBXFileReference; lastKnownFileType = sourcecode.swift; path = ToDo2UITests.swift; sourceTree = "<group>"; };
		42ECD8801ECD971400E1E027 /* Info.plist */ = {isa = PBXFileReference; lastKnownFileType = text.plist.xml; path = Info.plist; sourceTree = "<group>"; };
		42ECD88C1ECD9BCC00E1E027 /* AddToDoViewController.swift */ = {isa = PBXFileReference; fileEncoding = 4; lastKnownFileType = sourcecode.swift; path = AddToDoViewController.swift; sourceTree = "<group>"; };
		5BAF6E29F069B04D36AA7734 /* Pods_ToDo2.framework */ = {isa = PBXFileReference; explicitFileType = wrapper.framework; includeInIndex = 0; path = Pods_ToDo2.framework; sourceTree = BUILT_PRODUCTS_DIR; };
		7D0D2CCFB3FE6100D1C40366 /* Pods-ToDo2UITests.release.xcconfig */ = {isa = PBXFileReference; includeInIndex = 1; lastKnownFileType = text.xcconfig; name = "Pods-ToDo2UITests.release.xcconfig"; path = "Pods/Target Support Files/Pods-ToDo2UITests/Pods-ToDo2UITests.release.xcconfig"; sourceTree = "<group>"; };
		8C5F877954B712BD754D328B /* Pods-ToDo2UITests.debug.xcconfig */ = {isa = PBXFileReference; includeInIndex = 1; lastKnownFileType = text.xcconfig; name = "Pods-ToDo2UITests.debug.xcconfig"; path = "Pods/Target Support Files/Pods-ToDo2UITests/Pods-ToDo2UITests.debug.xcconfig"; sourceTree = "<group>"; };
		ADE21CBD2BBB3FFA524E1350 /* Pods-ToDo2Tests.release.xcconfig */ = {isa = PBXFileReference; includeInIndex = 1; lastKnownFileType = text.xcconfig; name = "Pods-ToDo2Tests.release.xcconfig"; path = "Pods/Target Support Files/Pods-ToDo2Tests/Pods-ToDo2Tests.release.xcconfig"; sourceTree = "<group>"; };
		CC6CC147269AC3F7096D77DE /* Pods-ToDo2.release.xcconfig */ = {isa = PBXFileReference; includeInIndex = 1; lastKnownFileType = text.xcconfig; name = "Pods-ToDo2.release.xcconfig"; path = "Pods/Target Support Files/Pods-ToDo2/Pods-ToDo2.release.xcconfig"; sourceTree = "<group>"; };
/* End PBXFileReference section */

/* Begin PBXFrameworksBuildPhase section */
		42ECD8581ECD971400E1E027 /* Frameworks */ = {
			isa = PBXFrameworksBuildPhase;
			buildActionMask = 2147483647;
			files = (
				420A6AFD1EE8318C009404BF /* RealmSwift.framework in Frameworks */,
				420A6AFC1EE83188009404BF /* Realm.framework in Frameworks */,
				4221DF661EE2DD6C00222436 /* Pods_ToDo2.framework in Frameworks */,
			);
			runOnlyForDeploymentPostprocessing = 0;
		};
		42ECD86C1ECD971400E1E027 /* Frameworks */ = {
			isa = PBXFrameworksBuildPhase;
			buildActionMask = 2147483647;
			files = (
				CB0B4A1BCE84E71839462E74 /* Pods_ToDo2Tests.framework in Frameworks */,
			);
			runOnlyForDeploymentPostprocessing = 0;
		};
		42ECD8771ECD971400E1E027 /* Frameworks */ = {
			isa = PBXFrameworksBuildPhase;
			buildActionMask = 2147483647;
			files = (
				C7FDFA8168716F7F822AC05D /* Pods_ToDo2UITests.framework in Frameworks */,
			);
			runOnlyForDeploymentPostprocessing = 0;
		};
/* End PBXFrameworksBuildPhase section */

/* Begin PBXGroup section */
		42ECD8521ECD971400E1E027 = {
			isa = PBXGroup;
			children = (
				42ECD85D1ECD971400E1E027 /* ToDo2 */,
				42ECD87D1ECD971400E1E027 /* ToDo2UITests */,
				42ECD85C1ECD971400E1E027 /* Products */,
				68ECF86DC3F8EB0089AE19F4 /* Pods */,
				C50B43FD0209FD22E010CFFF /* Frameworks */,
			);
			sourceTree = "<group>";
		};
		42ECD85C1ECD971400E1E027 /* Products */ = {
			isa = PBXGroup;
			children = (
				42ECD85B1ECD971400E1E027 /* ToDo2.app */,
				42ECD86F1ECD971400E1E027 /* ToDo2Tests.xctest */,
				42ECD87A1ECD971400E1E027 /* ToDo2UITests.xctest */,
			);
			name = Products;
			sourceTree = "<group>";
		};
		42ECD85D1ECD971400E1E027 /* ToDo2 */ = {
			isa = PBXGroup;
			children = (
				42ECD85E1ECD971400E1E027 /* AppDelegate.swift */,
				422217E01F28B65800C9731C /* Task.swift */,
				429115CA1ED2436300D1B823 /* TodayTasksViewController.swift */,
				429115D41ED6D80800D1B823 /* TodayTaskTableViewCell.swift */,
				42ECD88C1ECD9BCC00E1E027 /* AddToDoViewController.swift */,
				429115C81ED2431900D1B823 /* WeekTasksViewController.swift */,
				423D5C251F48A64E00ECABEC /* WAddToDoViewController.swift */,
				423D5C1F1F48794400ECABEC /* WTaskTableViewCell.swift */,
				42ECD8621ECD971400E1E027 /* Main.storyboard */,
				42ECD8651ECD971400E1E027 /* Assets.xcassets */,
				42ECD8671ECD971400E1E027 /* LaunchScreen.storyboard */,
				42ECD86A1ECD971400E1E027 /* Info.plist */,
			);
			path = ToDo2;
			sourceTree = "<group>";
		};
		42ECD87D1ECD971400E1E027 /* ToDo2UITests */ = {
			isa = PBXGroup;
			children = (
				42ECD87E1ECD971400E1E027 /* ToDo2UITests.swift */,
				42ECD8801ECD971400E1E027 /* Info.plist */,
			);
			path = ToDo2UITests;
			sourceTree = "<group>";
		};
		68ECF86DC3F8EB0089AE19F4 /* Pods */ = {
			isa = PBXGroup;
			children = (
				22AA3A779FB2AF19BFD5397D /* Pods-ToDo2.debug.xcconfig */,
				CC6CC147269AC3F7096D77DE /* Pods-ToDo2.release.xcconfig */,
				1952364E782A94E95A6866FD /* Pods-ToDo2Tests.debug.xcconfig */,
				ADE21CBD2BBB3FFA524E1350 /* Pods-ToDo2Tests.release.xcconfig */,
				8C5F877954B712BD754D328B /* Pods-ToDo2UITests.debug.xcconfig */,
				7D0D2CCFB3FE6100D1C40366 /* Pods-ToDo2UITests.release.xcconfig */,
			);
			name = Pods;
			sourceTree = "<group>";
		};
		C50B43FD0209FD22E010CFFF /* Frameworks */ = {
			isa = PBXGroup;
			children = (
				429417451EE2E5700014962C /* RealmSwift.framework */,
				429417431EE2E56D0014962C /* Realm.framework */,
				4221DF631EE2DD6C00222436 /* Pods_ToDo2.framework */,
				4221DF641EE2DD6C00222436 /* Pods_ToDo2Tests.framework */,
				4221DF651EE2DD6C00222436 /* Pods_ToDo2UITests.framework */,
				5BAF6E29F069B04D36AA7734 /* Pods_ToDo2.framework */,
				1D5BB7D756DEC11BB2FCA60C /* Pods_ToDo2Tests.framework */,
				3BFE200FB2E97F62179816EC /* Pods_ToDo2UITests.framework */,
			);
			name = Frameworks;
			sourceTree = "<group>";
		};
/* End PBXGroup section */

/* Begin PBXNativeTarget section */
		42ECD85A1ECD971400E1E027 /* ToDo2 */ = {
			isa = PBXNativeTarget;
			buildConfigurationList = 42ECD8831ECD971400E1E027 /* Build configuration list for PBXNativeTarget "ToDo2" */;
			buildPhases = (
				7B77DA89C2DD29765910B2B1 /* [CP] Check Pods Manifest.lock */,
				42ECD8571ECD971400E1E027 /* Sources */,
				42ECD8581ECD971400E1E027 /* Frameworks */,
				42ECD8591ECD971400E1E027 /* Resources */,
				5577613B753077BDD6F0A6A3 /* [CP] Embed Pods Frameworks */,
				A44CF0ED574AA9BD86EE1E03 /* [CP] Copy Pods Resources */,
				4221DF5D1EE0C9FA00222436 /* Embed Frameworks */,
				4221DF621EE2D82800222436 /* ShellScript */,
			);
			buildRules = (
			);
			dependencies = (
			);
			name = ToDo2;
			productName = ToDo2;
			productReference = 42ECD85B1ECD971400E1E027 /* ToDo2.app */;
			productType = "com.apple.product-type.application";
		};
		42ECD86E1ECD971400E1E027 /* ToDo2Tests */ = {
			isa = PBXNativeTarget;
			buildConfigurationList = 42ECD8861ECD971400E1E027 /* Build configuration list for PBXNativeTarget "ToDo2Tests" */;
			buildPhases = (
				CCF96F75C00B75812C80ABED /* [CP] Check Pods Manifest.lock */,
				42ECD86B1ECD971400E1E027 /* Sources */,
				42ECD86C1ECD971400E1E027 /* Frameworks */,
				42ECD86D1ECD971400E1E027 /* Resources */,
				A57FF9476CCCE73F35543856 /* [CP] Embed Pods Frameworks */,
				E178A95A524769FC93A805C4 /* [CP] Copy Pods Resources */,
			);
			buildRules = (
			);
			dependencies = (
				42ECD8711ECD971400E1E027 /* PBXTargetDependency */,
			);
			name = ToDo2Tests;
			productName = ToDo2Tests;
			productReference = 42ECD86F1ECD971400E1E027 /* ToDo2Tests.xctest */;
			productType = "com.apple.product-type.bundle.unit-test";
		};
		42ECD8791ECD971400E1E027 /* ToDo2UITests */ = {
			isa = PBXNativeTarget;
			buildConfigurationList = 42ECD8891ECD971400E1E027 /* Build configuration list for PBXNativeTarget "ToDo2UITests" */;
			buildPhases = (
				98D7459D8D4FCFD40C64192B /* [CP] Check Pods Manifest.lock */,
				42ECD8761ECD971400E1E027 /* Sources */,
				42ECD8771ECD971400E1E027 /* Frameworks */,
				42ECD8781ECD971400E1E027 /* Resources */,
				1344663F805C093391E22D19 /* [CP] Embed Pods Frameworks */,
				4B6EAAD01C505FC99F56D623 /* [CP] Copy Pods Resources */,
			);
			buildRules = (
			);
			dependencies = (
				42ECD87C1ECD971400E1E027 /* PBXTargetDependency */,
			);
			name = ToDo2UITests;
			productName = ToDo2UITests;
			productReference = 42ECD87A1ECD971400E1E027 /* ToDo2UITests.xctest */;
			productType = "com.apple.product-type.bundle.ui-testing";
		};
/* End PBXNativeTarget section */

/* Begin PBXProject section */
		42ECD8531ECD971400E1E027 /* Project object */ = {
			isa = PBXProject;
			attributes = {
				LastSwiftUpdateCheck = 0830;
				LastUpgradeCheck = 0830;
				ORGANIZATIONNAME = fukumoriminori;
				TargetAttributes = {
					42ECD85A1ECD971400E1E027 = {
						CreatedOnToolsVersion = 8.3.2;
						DevelopmentTeam = PK5W92DG95;
						ProvisioningStyle = Automatic;
					};
					42ECD86E1ECD971400E1E027 = {
						CreatedOnToolsVersion = 8.3.2;
						ProvisioningStyle = Automatic;
						TestTargetID = 42ECD85A1ECD971400E1E027;
					};
					42ECD8791ECD971400E1E027 = {
						CreatedOnToolsVersion = 8.3.2;
						ProvisioningStyle = Automatic;
						TestTargetID = 42ECD85A1ECD971400E1E027;
					};
				};
			};
			buildConfigurationList = 42ECD8561ECD971400E1E027 /* Build configuration list for PBXProject "ToDo2" */;
			compatibilityVersion = "Xcode 3.2";
			developmentRegion = English;
			hasScannedForEncodings = 0;
			knownRegions = (
				en,
				Base,
			);
			mainGroup = 42ECD8521ECD971400E1E027;
			productRefGroup = 42ECD85C1ECD971400E1E027 /* Products */;
			projectDirPath = "";
			projectRoot = "";
			targets = (
				42ECD85A1ECD971400E1E027 /* ToDo2 */,
				42ECD86E1ECD971400E1E027 /* ToDo2Tests */,
				42ECD8791ECD971400E1E027 /* ToDo2UITests */,
			);
		};
/* End PBXProject section */

/* Begin PBXResourcesBuildPhase section */
		42ECD8591ECD971400E1E027 /* Resources */ = {
			isa = PBXResourcesBuildPhase;
			buildActionMask = 2147483647;
			files = (
				42ECD8691ECD971400E1E027 /* LaunchScreen.storyboard in Resources */,
				42ECD8661ECD971400E1E027 /* Assets.xcassets in Resources */,
				42ECD8641ECD971400E1E027 /* Main.storyboard in Resources */,
			);
			runOnlyForDeploymentPostprocessing = 0;
		};
		42ECD86D1ECD971400E1E027 /* Resources */ = {
			isa = PBXResourcesBuildPhase;
			buildActionMask = 2147483647;
			files = (
			);
			runOnlyForDeploymentPostprocessing = 0;
		};
		42ECD8781ECD971400E1E027 /* Resources */ = {
			isa = PBXResourcesBuildPhase;
			buildActionMask = 2147483647;
			files = (
			);
			runOnlyForDeploymentPostprocessing = 0;
		};
/* End PBXResourcesBuildPhase section */

/* Begin PBXShellScriptBuildPhase section */
		1344663F805C093391E22D19 /* [CP] Embed Pods Frameworks */ = {
			isa = PBXShellScriptBuildPhase;
			buildActionMask = 2147483647;
			files = (
			);
			inputPaths = (
			);
			name = "[CP] Embed Pods Frameworks";
			outputPaths = (
			);
			runOnlyForDeploymentPostprocessing = 0;
			shellPath = /bin/sh;
			shellScript = "\"${SRCROOT}/Pods/Target Support Files/Pods-ToDo2UITests/Pods-ToDo2UITests-frameworks.sh\"\n";
			showEnvVarsInLog = 0;
		};
		4221DF621EE2D82800222436 /* ShellScript */ = {
			isa = PBXShellScriptBuildPhase;
			buildActionMask = 8;
			files = (
			);
			inputPaths = (
			);
			outputPaths = (
			);
			runOnlyForDeploymentPostprocessing = 1;
			shellPath = /bin/sh;
			shellScript = "bash \"${BUILT_PRODUCTS_DIR}/${FRAMEWORKS_FOLDER_PATH}/Realm.framework/strip-frameworks.sh\" ";
		};
		4B6EAAD01C505FC99F56D623 /* [CP] Copy Pods Resources */ = {
			isa = PBXShellScriptBuildPhase;
			buildActionMask = 2147483647;
			files = (
			);
			inputPaths = (
			);
			name = "[CP] Copy Pods Resources";
			outputPaths = (
			);
			runOnlyForDeploymentPostprocessing = 0;
			shellPath = /bin/sh;
			shellScript = "\"${SRCROOT}/Pods/Target Support Files/Pods-ToDo2UITests/Pods-ToDo2UITests-resources.sh\"\n";
			showEnvVarsInLog = 0;
		};
		5577613B753077BDD6F0A6A3 /* [CP] Embed Pods Frameworks */ = {
			isa = PBXShellScriptBuildPhase;
			buildActionMask = 2147483647;
			files = (
			);
			inputPaths = (
			);
			name = "[CP] Embed Pods Frameworks";
			outputPaths = (
			);
			runOnlyForDeploymentPostprocessing = 0;
			shellPath = /bin/sh;
			shellScript = "\"${SRCROOT}/Pods/Target Support Files/Pods-ToDo2/Pods-ToDo2-frameworks.sh\"\n";
			showEnvVarsInLog = 0;
		};
		7B77DA89C2DD29765910B2B1 /* [CP] Check Pods Manifest.lock */ = {
			isa = PBXShellScriptBuildPhase;
			buildActionMask = 2147483647;
			files = (
			);
			inputPaths = (
			);
			name = "[CP] Check Pods Manifest.lock";
			outputPaths = (
			);
			runOnlyForDeploymentPostprocessing = 0;
			shellPath = /bin/sh;
			shellScript = "diff \"${PODS_PODFILE_DIR_PATH}/Podfile.lock\" \"${PODS_ROOT}/Manifest.lock\" > /dev/null\nif [ $? != 0 ] ; then\n    # print error to STDERR\n    echo \"error: The sandbox is not in sync with the Podfile.lock. Run 'pod install' or update your CocoaPods installation.\" >&2\n    exit 1\nfi\n";
			showEnvVarsInLog = 0;
		};
		98D7459D8D4FCFD40C64192B /* [CP] Check Pods Manifest.lock */ = {
			isa = PBXShellScriptBuildPhase;
			buildActionMask = 2147483647;
			files = (
			);
			inputPaths = (
			);
			name = "[CP] Check Pods Manifest.lock";
			outputPaths = (
			);
			runOnlyForDeploymentPostprocessing = 0;
			shellPath = /bin/sh;
			shellScript = "diff \"${PODS_PODFILE_DIR_PATH}/Podfile.lock\" \"${PODS_ROOT}/Manifest.lock\" > /dev/null\nif [ $? != 0 ] ; then\n    # print error to STDERR\n    echo \"error: The sandbox is not in sync with the Podfile.lock. Run 'pod install' or update your CocoaPods installation.\" >&2\n    exit 1\nfi\n";
			showEnvVarsInLog = 0;
		};
		A44CF0ED574AA9BD86EE1E03 /* [CP] Copy Pods Resources */ = {
			isa = PBXShellScriptBuildPhase;
			buildActionMask = 8;
			files = (
			);
			inputPaths = (
			);
			name = "[CP] Copy Pods Resources";
			outputPaths = (
			);
			runOnlyForDeploymentPostprocessing = 1;
			shellPath = /bin/sh;
			shellScript = "\"${SRCROOT}/Pods/Target Support Files/Pods/Pods-resources.sh\"";
		};
		A57FF9476CCCE73F35543856 /* [CP] Embed Pods Frameworks */ = {
			isa = PBXShellScriptBuildPhase;
			buildActionMask = 2147483647;
			files = (
			);
			inputPaths = (
			);
			name = "[CP] Embed Pods Frameworks";
			outputPaths = (
			);
			runOnlyForDeploymentPostprocessing = 0;
			shellPath = /bin/sh;
			shellScript = "\"${SRCROOT}/Pods/Target Support Files/Pods-ToDo2Tests/Pods-ToDo2Tests-frameworks.sh\"\n";
			showEnvVarsInLog = 0;
		};
		CCF96F75C00B75812C80ABED /* [CP] Check Pods Manifest.lock */ = {
			isa = PBXShellScriptBuildPhase;
			buildActionMask = 2147483647;
			files = (
			);
			inputPaths = (
			);
			name = "[CP] Check Pods Manifest.lock";
			outputPaths = (
			);
			runOnlyForDeploymentPostprocessing = 0;
			shellPath = /bin/sh;
			shellScript = "diff \"${PODS_PODFILE_DIR_PATH}/Podfile.lock\" \"${PODS_ROOT}/Manifest.lock\" > /dev/null\nif [ $? != 0 ] ; then\n    # print error to STDERR\n    echo \"error: The sandbox is not in sync with the Podfile.lock. Run 'pod install' or update your CocoaPods installation.\" >&2\n    exit 1\nfi\n";
			showEnvVarsInLog = 0;
		};
		E178A95A524769FC93A805C4 /* [CP] Copy Pods Resources */ = {
			isa = PBXShellScriptBuildPhase;
			buildActionMask = 2147483647;
			files = (
			);
			inputPaths = (
			);
			name = "[CP] Copy Pods Resources";
			outputPaths = (
			);
			runOnlyForDeploymentPostprocessing = 0;
			shellPath = /bin/sh;
			shellScript = "\"${SRCROOT}/Pods/Target Support Files/Pods-ToDo2Tests/Pods-ToDo2Tests-resources.sh\"\n";
			showEnvVarsInLog = 0;
		};
/* End PBXShellScriptBuildPhase section */

/* Begin PBXSourcesBuildPhase section */
		42ECD8571ECD971400E1E027 /* Sources */ = {
			isa = PBXSourcesBuildPhase;
			buildActionMask = 2147483647;
			files = (
				423D5C201F48794400ECABEC /* WTaskTableViewCell.swift in Sources */,
				429115CB1ED2436300D1B823 /* TodayTasksViewController.swift in Sources */,
				429115C91ED2431900D1B823 /* WeekTasksViewController.swift in Sources */,
				429115D51ED6D80800D1B823 /* TodayTaskTableViewCell.swift in Sources */,
				423D5C261F48A64E00ECABEC /* WAddToDoViewController.swift in Sources */,
				42ECD88D1ECD9BCC00E1E027 /* AddToDoViewController.swift in Sources */,
				422217E11F28B65800C9731C /* Task.swift in Sources */,
				42ECD85F1ECD971400E1E027 /* AppDelegate.swift in Sources */,
			);
			runOnlyForDeploymentPostprocessing = 0;
		};
		42ECD86B1ECD971400E1E027 /* Sources */ = {
			isa = PBXSourcesBuildPhase;
			buildActionMask = 2147483647;
			files = (
			);
			runOnlyForDeploymentPostprocessing = 0;
		};
		42ECD8761ECD971400E1E027 /* Sources */ = {
			isa = PBXSourcesBuildPhase;
			buildActionMask = 2147483647;
			files = (
				42ECD87F1ECD971400E1E027 /* ToDo2UITests.swift in Sources */,
			);
			runOnlyForDeploymentPostprocessing = 0;
		};
/* End PBXSourcesBuildPhase section */

/* Begin PBXTargetDependency section */
		42ECD8711ECD971400E1E027 /* PBXTargetDependency */ = {
			isa = PBXTargetDependency;
			target = 42ECD85A1ECD971400E1E027 /* ToDo2 */;
			targetProxy = 42ECD8701ECD971400E1E027 /* PBXContainerItemProxy */;
		};
		42ECD87C1ECD971400E1E027 /* PBXTargetDependency */ = {
			isa = PBXTargetDependency;
			target = 42ECD85A1ECD971400E1E027 /* ToDo2 */;
			targetProxy = 42ECD87B1ECD971400E1E027 /* PBXContainerItemProxy */;
		};
/* End PBXTargetDependency section */

/* Begin PBXVariantGroup section */
		42ECD8621ECD971400E1E027 /* Main.storyboard */ = {
			isa = PBXVariantGroup;
			children = (
				42ECD8631ECD971400E1E027 /* Base */,
			);
			name = Main.storyboard;
			sourceTree = "<group>";
		};
		42ECD8671ECD971400E1E027 /* LaunchScreen.storyboard */ = {
			isa = PBXVariantGroup;
			children = (
				42ECD8681ECD971400E1E027 /* Base */,
			);
			name = LaunchScreen.storyboard;
			sourceTree = "<group>";
		};
/* End PBXVariantGroup section */

/* Begin XCBuildConfiguration section */
		42ECD8811ECD971400E1E027 /* Debug */ = {
			isa = XCBuildConfiguration;
			buildSettings = {
				ALWAYS_SEARCH_USER_PATHS = NO;
				CLANG_ANALYZER_NONNULL = YES;
				CLANG_ANALYZER_NUMBER_OBJECT_CONVERSION = YES_AGGRESSIVE;
				CLANG_CXX_LANGUAGE_STANDARD = "gnu++0x";
				CLANG_CXX_LIBRARY = "libc++";
				CLANG_ENABLE_MODULES = YES;
				CLANG_ENABLE_OBJC_ARC = YES;
				CLANG_WARN_BOOL_CONVERSION = YES;
				CLANG_WARN_CONSTANT_CONVERSION = YES;
				CLANG_WARN_DIRECT_OBJC_ISA_USAGE = YES_ERROR;
				CLANG_WARN_DOCUMENTATION_COMMENTS = YES;
				CLANG_WARN_EMPTY_BODY = YES;
				CLANG_WARN_ENUM_CONVERSION = YES;
				CLANG_WARN_INFINITE_RECURSION = YES;
				CLANG_WARN_INT_CONVERSION = YES;
				CLANG_WARN_OBJC_ROOT_CLASS = YES_ERROR;
				CLANG_WARN_SUSPICIOUS_MOVE = YES;
				CLANG_WARN_UNREACHABLE_CODE = YES;
				CLANG_WARN__DUPLICATE_METHOD_MATCH = YES;
				"CODE_SIGN_IDENTITY[sdk=iphoneos*]" = "iPhone Developer";
				COPY_PHASE_STRIP = NO;
				DEBUG_INFORMATION_FORMAT = dwarf;
				ENABLE_STRICT_OBJC_MSGSEND = YES;
				ENABLE_TESTABILITY = YES;
				GCC_C_LANGUAGE_STANDARD = gnu99;
				GCC_DYNAMIC_NO_PIC = NO;
				GCC_NO_COMMON_BLOCKS = YES;
				GCC_OPTIMIZATION_LEVEL = 0;
				GCC_PREPROCESSOR_DEFINITIONS = (
					"DEBUG=1",
					"$(inherited)",
				);
				GCC_WARN_64_TO_32_BIT_CONVERSION = YES;
				GCC_WARN_ABOUT_RETURN_TYPE = YES_ERROR;
				GCC_WARN_UNDECLARED_SELECTOR = YES;
				GCC_WARN_UNINITIALIZED_AUTOS = YES_AGGRESSIVE;
				GCC_WARN_UNUSED_FUNCTION = YES;
				GCC_WARN_UNUSED_VARIABLE = YES;
				IPHONEOS_DEPLOYMENT_TARGET = 10.3;
				MTL_ENABLE_DEBUG_INFO = YES;
				ONLY_ACTIVE_ARCH = YES;
				SDKROOT = iphoneos;
				SWIFT_ACTIVE_COMPILATION_CONDITIONS = DEBUG;
				SWIFT_OPTIMIZATION_LEVEL = "-Onone";
			};
			name = Debug;
		};
		42ECD8821ECD971400E1E027 /* Release */ = {
			isa = XCBuildConfiguration;
			buildSettings = {
				ALWAYS_SEARCH_USER_PATHS = NO;
				CLANG_ANALYZER_NONNULL = YES;
				CLANG_ANALYZER_NUMBER_OBJECT_CONVERSION = YES_AGGRESSIVE;
				CLANG_CXX_LANGUAGE_STANDARD = "gnu++0x";
				CLANG_CXX_LIBRARY = "libc++";
				CLANG_ENABLE_MODULES = YES;
				CLANG_ENABLE_OBJC_ARC = YES;
				CLANG_WARN_BOOL_CONVERSION = YES;
				CLANG_WARN_CONSTANT_CONVERSION = YES;
				CLANG_WARN_DIRECT_OBJC_ISA_USAGE = YES_ERROR;
				CLANG_WARN_DOCUMENTATION_COMMENTS = YES;
				CLANG_WARN_EMPTY_BODY = YES;
				CLANG_WARN_ENUM_CONVERSION = YES;
				CLANG_WARN_INFINITE_RECURSION = YES;
				CLANG_WARN_INT_CONVERSION = YES;
				CLANG_WARN_OBJC_ROOT_CLASS = YES_ERROR;
				CLANG_WARN_SUSPICIOUS_MOVE = YES;
				CLANG_WARN_UNREACHABLE_CODE = YES;
				CLANG_WARN__DUPLICATE_METHOD_MATCH = YES;
				"CODE_SIGN_IDENTITY[sdk=iphoneos*]" = "iPhone Developer";
				COPY_PHASE_STRIP = NO;
				DEBUG_INFORMATION_FORMAT = "dwarf-with-dsym";
				ENABLE_NS_ASSERTIONS = NO;
				ENABLE_STRICT_OBJC_MSGSEND = YES;
				GCC_C_LANGUAGE_STANDARD = gnu99;
				GCC_NO_COMMON_BLOCKS = YES;
				GCC_WARN_64_TO_32_BIT_CONVERSION = YES;
				GCC_WARN_ABOUT_RETURN_TYPE = YES_ERROR;
				GCC_WARN_UNDECLARED_SELECTOR = YES;
				GCC_WARN_UNINITIALIZED_AUTOS = YES_AGGRESSIVE;
				GCC_WARN_UNUSED_FUNCTION = YES;
				GCC_WARN_UNUSED_VARIABLE = YES;
				IPHONEOS_DEPLOYMENT_TARGET = 10.3;
				MTL_ENABLE_DEBUG_INFO = NO;
				SDKROOT = iphoneos;
				SWIFT_OPTIMIZATION_LEVEL = "-Owholemodule";
				VALIDATE_PRODUCT = YES;
			};
			name = Release;
		};
		42ECD8841ECD971400E1E027 /* Debug */ = {
			isa = XCBuildConfiguration;
			baseConfigurationReference = 22AA3A779FB2AF19BFD5397D /* Pods-ToDo2.debug.xcconfig */;
			buildSettings = {
				ASSETCATALOG_COMPILER_APPICON_NAME = AppIcon;
				DEVELOPMENT_TEAM = PK5W92DG95;
				FRAMEWORK_SEARCH_PATHS = (
					"$(inherited)",
					"$(SRCROOT)/vendor",
					$,
					xcodebuild,
					"-showBuildSettings",
				);
				INFOPLIST_FILE = ToDo2/Info.plist;
				IPHONEOS_DEPLOYMENT_TARGET = 10.3;
				LD_RUNPATH_SEARCH_PATHS = "$(inherited) @executable_path/Frameworks";
				PRODUCT_BUNDLE_IDENTIFIER = com.minori.ToDo2;
				PRODUCT_NAME = "$(TARGET_NAME)";
				SWIFT_VERSION = 3.0;
			};
			name = Debug;
		};
		42ECD8851ECD971400E1E027 /* Release */ = {
			isa = XCBuildConfiguration;
			baseConfigurationReference = CC6CC147269AC3F7096D77DE /* Pods-ToDo2.release.xcconfig */;
			buildSettings = {
				ASSETCATALOG_COMPILER_APPICON_NAME = AppIcon;
				DEVELOPMENT_TEAM = PK5W92DG95;
				FRAMEWORK_SEARCH_PATHS = (
					"$(inherited)",
					"$(SRCROOT)/vendor",
					$,
					xcodebuild,
					"-showBuildSettings",
				);
				INFOPLIST_FILE = ToDo2/Info.plist;
				IPHONEOS_DEPLOYMENT_TARGET = 10.3;
				LD_RUNPATH_SEARCH_PATHS = "$(inherited) @executable_path/Frameworks";
				PRODUCT_BUNDLE_IDENTIFIER = com.minori.ToDo2;
				PRODUCT_NAME = "$(TARGET_NAME)";
				SWIFT_VERSION = 3.0;
			};
			name = Release;
		};
		42ECD8871ECD971400E1E027 /* Debug */ = {
			isa = XCBuildConfiguration;
			baseConfigurationReference = 1952364E782A94E95A6866FD /* Pods-ToDo2Tests.debug.xcconfig */;
			buildSettings = {
				ALWAYS_EMBED_SWIFT_STANDARD_LIBRARIES = YES;
				BUNDLE_LOADER = "$(TEST_HOST)";
				FRAMEWORK_SEARCH_PATHS = "$(inherited)";
				INFOPLIST_FILE = ToDo2Tests/Info.plist;
				LD_RUNPATH_SEARCH_PATHS = "$(inherited) @executable_path/Frameworks @loader_path/Frameworks";
				PRODUCT_BUNDLE_IDENTIFIER = com.minori.ToDo2Tests;
				PRODUCT_NAME = "$(TARGET_NAME)";
				SWIFT_VERSION = 3.0;
				TEST_HOST = "$(BUILT_PRODUCTS_DIR)/ToDo2.app/ToDo2";
			};
			name = Debug;
		};
		42ECD8881ECD971400E1E027 /* Release */ = {
			isa = XCBuildConfiguration;
			baseConfigurationReference = ADE21CBD2BBB3FFA524E1350 /* Pods-ToDo2Tests.release.xcconfig */;
			buildSettings = {
				ALWAYS_EMBED_SWIFT_STANDARD_LIBRARIES = YES;
				BUNDLE_LOADER = "$(TEST_HOST)";
				FRAMEWORK_SEARCH_PATHS = "$(inherited)";
				INFOPLIST_FILE = ToDo2Tests/Info.plist;
				LD_RUNPATH_SEARCH_PATHS = "$(inherited) @executable_path/Frameworks @loader_path/Frameworks";
				PRODUCT_BUNDLE_IDENTIFIER = com.minori.ToDo2Tests;
				PRODUCT_NAME = "$(TARGET_NAME)";
				SWIFT_VERSION = 3.0;
				TEST_HOST = "$(BUILT_PRODUCTS_DIR)/ToDo2.app/ToDo2";
			};
			name = Release;
		};
		42ECD88A1ECD971400E1E027 /* Debug */ = {
			isa = XCBuildConfiguration;
			baseConfigurationReference = 8C5F877954B712BD754D328B /* Pods-ToDo2UITests.debug.xcconfig */;
			buildSettings = {
				ALWAYS_EMBED_SWIFT_STANDARD_LIBRARIES = YES;
				INFOPLIST_FILE = ToDo2UITests/Info.plist;
				LD_RUNPATH_SEARCH_PATHS = "$(inherited) @executable_path/Frameworks @loader_path/Frameworks";
				PRODUCT_BUNDLE_IDENTIFIER = com.minori.ToDo2UITests;
				PRODUCT_NAME = "$(TARGET_NAME)";
				SWIFT_VERSION = 3.0;
				TEST_TARGET_NAME = ToDo2;
			};
			name = Debug;
		};
		42ECD88B1ECD971400E1E027 /* Release */ = {
			isa = XCBuildConfiguration;
			baseConfigurationReference = 7D0D2CCFB3FE6100D1C40366 /* Pods-ToDo2UITests.release.xcconfig */;
			buildSettings = {
				ALWAYS_EMBED_SWIFT_STANDARD_LIBRARIES = YES;
				INFOPLIST_FILE = ToDo2UITests/Info.plist;
				LD_RUNPATH_SEARCH_PATHS = "$(inherited) @executable_path/Frameworks @loader_path/Frameworks";
				PRODUCT_BUNDLE_IDENTIFIER = com.minori.ToDo2UITests;
				PRODUCT_NAME = "$(TARGET_NAME)";
				SWIFT_VERSION = 3.0;
				TEST_TARGET_NAME = ToDo2;
			};
			name = Release;
		};
/* End XCBuildConfiguration section */

/* Begin XCConfigurationList section */
		42ECD8561ECD971400E1E027 /* Build configuration list for PBXProject "ToDo2" */ = {
			isa = XCConfigurationList;
			buildConfigurations = (
				42ECD8811ECD971400E1E027 /* Debug */,
				42ECD8821ECD971400E1E027 /* Release */,
			);
			defaultConfigurationIsVisible = 0;
			defaultConfigurationName = Release;
		};
		42ECD8831ECD971400E1E027 /* Build configuration list for PBXNativeTarget "ToDo2" */ = {
			isa = XCConfigurationList;
			buildConfigurations = (
				42ECD8841ECD971400E1E027 /* Debug */,
				42ECD8851ECD971400E1E027 /* Release */,
			);
			defaultConfigurationIsVisible = 0;
			defaultConfigurationName = Release;
		};
		42ECD8861ECD971400E1E027 /* Build configuration list for PBXNativeTarget "ToDo2Tests" */ = {
			isa = XCConfigurationList;
			buildConfigurations = (
				42ECD8871ECD971400E1E027 /* Debug */,
				42ECD8881ECD971400E1E027 /* Release */,
			);
			defaultConfigurationIsVisible = 0;
			defaultConfigurationName = Release;
		};
		42ECD8891ECD971400E1E027 /* Build configuration list for PBXNativeTarget "ToDo2UITests" */ = {
			isa = XCConfigurationList;
			buildConfigurations = (
				42ECD88A1ECD971400E1E027 /* Debug */,
				42ECD88B1ECD971400E1E027 /* Release */,
			);
			defaultConfigurationIsVisible = 0;
			defaultConfigurationName = Release;
		};
/* End XCConfigurationList section */
	};
	rootObject = 42ECD8531ECD971400E1E027 /* Project object */;
}
